github.com/go-cmd/cmd v1.2.0 h1:Aohz0ZG0nQbvT4z55Mh+fdegX48GSAXL3cSsbYxRfvI=
github.com/go-cmd/cmd v1.2.0/go.mod h1:XgKkd0L6sv9WcYV0FS8RfG1RJCSTVHTsLeAD2pTgHt0=
github.com/go-test/deep v1.0.5/go.mod h1:QV8Hv/iy04NyLBxAdO9njL0iVPN1S4d/A3NVv1V36o8=
github.com/google/uuid v1.1.1 h1:Gkbcsh/GbpXz7lPftLA3P6TYMwjCLYm83jiFQZF/3gY=
github.com/google/uuid v1.1.1/go.mod h1:TIyPZe4MgqvfeYDBFedMoGGpEw/LqOeaOT+nhxU+yHo=
